
Microsoft Visual Studio Solution File, Format Version 12.00
# Visual Studio Version 17
VisualStudioVersion = 17.7.34221.43
MinimumVisualStudioVersion = 10.0.40219.1
Project("{FAE04EC0-301F-11D3-BF4B-00C04F79EFBC}") = "Assignment 3-PS 2", "Assignment 3-PS 2.csproj", "{7427D499-9FC9-4F68-8B60-E754C64621EF}"
EndProject
Global
	GlobalSection(SolutionConfigurationPlatforms) = preSolution
		Debug|Any CPU = Debug|Any CPU
		Release|Any CPU = Release|Any CPU
	EndGlobalSection
	GlobalSection(ProjectConfigurationPlatforms) = postSolution
		{7427D499-9FC9-4F68-8B60-E754C64621EF}.Debug|Any CPU.ActiveCfg = Debug|Any CPU
		{7427D499-9FC9-4F68-8B60-E754C64621EF}.Debug|Any CPU.Build.0 = Debug|Any CPU
		{7427D499-9FC9-4F68-8B60-E754C64621EF}.Release|Any CPU.ActiveCfg = Release|Any CPU
		{7427D499-9FC9-4F68-8B60-E754C64621EF}.Release|Any CPU.Build.0 = Release|Any CPU
	EndGlobalSection
	GlobalSection(SolutionProperties) = preSolution
		HideSolutionNode = FALSE
	EndGlobalSection
	GlobalSection(ExtensibilityGlobals) = postSolution
		SolutionGuid = {E6287224-CDAF-4646-A90B-283636D04F69}
	EndGlobalSection
EndGlobal
